
Microsoft Visual Studio Solution File, Format Version 12.00
# Visual Studio 14
VisualStudioVersion = 14.0.22823.1
MinimumVisualStudioVersion = 10.0.40219.1
Project("{2150E333-8FDC-42A3-9474-1A3956D46DE8}") = "src", "src", "{92F037FF-361B-417E-8B30-0D3A8C96F553}"
EndProject
Project("{2150E333-8FDC-42A3-9474-1A3956D46DE8}") = "tests", "tests", "{071C5AA7-B23D-4A55-BC52-BC006C010AD1}"
EndProject
Project("{FAE04EC0-301F-11D3-BF4B-00C04F79EFBC}") = "Lewtz", "src\Lewtz\Lewtz.csproj", "{CDDDFBFE-F507-4B29-8342-946C2CFB3667}"
EndProject
Project("{FAE04EC0-301F-11D3-BF4B-00C04F79EFBC}") = "Lewtz.Services", "src\Lewtz.Services\Lewtz.Services.csproj", "{A766E80B-C741-4572-8725-8186E9395B1A}"
EndProject
Project("{FAE04EC0-301F-11D3-BF4B-00C04F79EFBC}") = "Lewtz.Tests", "tests\Lewtz.Tests\Lewtz.Tests.csproj", "{371CB041-5798-4E57-A9B3-A423A9BD95E6}"
EndProject
Project("{2150E333-8FDC-42A3-9474-1A3956D46DE8}") = "Solution Items", "Solution Items", "{2F248A79-168A-4087-99C9-ED4B7B1C190C}"
	ProjectSection(SolutionItems) = preProject
		.gitattributes = .gitattributes
		.gitignore = .gitignore
	EndProjectSection
EndProject
Project("{FAE04EC0-301F-11D3-BF4B-00C04F79EFBC}") = "Lewtz.Services.Tests", "tests\Lewtz.Services.Tests\Lewtz.Services.Tests.csproj", "{8B502D38-8076-4910-89C1-8E8F5B3AC688}"
EndProject
Project("{FAE04EC0-301F-11D3-BF4B-00C04F79EFBC}") = "Lewtz.Data", "src\Lewtz.Data\Lewtz.Data.csproj", "{D9817865-0011-4BB9-8471-1A7F471AF896}"
EndProject
Global
	GlobalSection(SolutionConfigurationPlatforms) = preSolution
		Debug|Any CPU = Debug|Any CPU
		Debug|x86 = Debug|x86
		Release|Any CPU = Release|Any CPU
		Release|x86 = Release|x86
	EndGlobalSection
	GlobalSection(ProjectConfigurationPlatforms) = postSolution
		{CDDDFBFE-F507-4B29-8342-946C2CFB3667}.Debug|Any CPU.ActiveCfg = Debug|Any CPU
		{CDDDFBFE-F507-4B29-8342-946C2CFB3667}.Debug|Any CPU.Build.0 = Debug|Any CPU
		{CDDDFBFE-F507-4B29-8342-946C2CFB3667}.Debug|x86.ActiveCfg = Debug|x86
		{CDDDFBFE-F507-4B29-8342-946C2CFB3667}.Debug|x86.Build.0 = Debug|x86
		{CDDDFBFE-F507-4B29-8342-946C2CFB3667}.Release|Any CPU.ActiveCfg = Release|x86
		{CDDDFBFE-F507-4B29-8342-946C2CFB3667}.Release|x86.ActiveCfg = Release|x86
		{CDDDFBFE-F507-4B29-8342-946C2CFB3667}.Release|x86.Build.0 = Release|x86
		{A766E80B-C741-4572-8725-8186E9395B1A}.Debug|Any CPU.ActiveCfg = Debug|Any CPU
		{A766E80B-C741-4572-8725-8186E9395B1A}.Debug|Any CPU.Build.0 = Debug|Any CPU
		{A766E80B-C741-4572-8725-8186E9395B1A}.Debug|x86.ActiveCfg = Debug|Any CPU
		{A766E80B-C741-4572-8725-8186E9395B1A}.Debug|x86.Build.0 = Debug|Any CPU
		{A766E80B-C741-4572-8725-8186E9395B1A}.Release|Any CPU.ActiveCfg = Release|Any CPU
		{A766E80B-C741-4572-8725-8186E9395B1A}.Release|Any CPU.Build.0 = Release|Any CPU
		{A766E80B-C741-4572-8725-8186E9395B1A}.Release|x86.ActiveCfg = Release|Any CPU
		{A766E80B-C741-4572-8725-8186E9395B1A}.Release|x86.Build.0 = Release|Any CPU
		{371CB041-5798-4E57-A9B3-A423A9BD95E6}.Debug|Any CPU.ActiveCfg = Debug|Any CPU
		{371CB041-5798-4E57-A9B3-A423A9BD95E6}.Debug|Any CPU.Build.0 = Debug|Any CPU
		{371CB041-5798-4E57-A9B3-A423A9BD95E6}.Debug|x86.ActiveCfg = Debug|Any CPU
		{371CB041-5798-4E57-A9B3-A423A9BD95E6}.Debug|x86.Build.0 = Debug|Any CPU
		{371CB041-5798-4E57-A9B3-A423A9BD95E6}.Release|Any CPU.ActiveCfg = Release|Any CPU
		{371CB041-5798-4E57-A9B3-A423A9BD95E6}.Release|Any CPU.Build.0 = Release|Any CPU
		{371CB041-5798-4E57-A9B3-A423A9BD95E6}.Release|x86.ActiveCfg = Release|Any CPU
		{371CB041-5798-4E57-A9B3-A423A9BD95E6}.Release|x86.Build.0 = Release|Any CPU
		{8B502D38-8076-4910-89C1-8E8F5B3AC688}.Debug|Any CPU.ActiveCfg = Debug|Any CPU
		{8B502D38-8076-4910-89C1-8E8F5B3AC688}.Debug|Any CPU.Build.0 = Debug|Any CPU
		{8B502D38-8076-4910-89C1-8E8F5B3AC688}.Debug|x86.ActiveCfg = Debug|Any CPU
		{8B502D38-8076-4910-89C1-8E8F5B3AC688}.Debug|x86.Build.0 = Debug|Any CPU
		{8B502D38-8076-4910-89C1-8E8F5B3AC688}.Release|Any CPU.ActiveCfg = Release|Any CPU
		{8B502D38-8076-4910-89C1-8E8F5B3AC688}.Release|Any CPU.Build.0 = Release|Any CPU
		{8B502D38-8076-4910-89C1-8E8F5B3AC688}.Release|x86.ActiveCfg = Release|Any CPU
		{8B502D38-8076-4910-89C1-8E8F5B3AC688}.Release|x86.Build.0 = Release|Any CPU
		{D9817865-0011-4BB9-8471-1A7F471AF896}.Debug|Any CPU.ActiveCfg = Debug|Any CPU
		{D9817865-0011-4BB9-8471-1A7F471AF896}.Debug|Any CPU.Build.0 = Debug|Any CPU
		{D9817865-0011-4BB9-8471-1A7F471AF896}.Debug|x86.ActiveCfg = Debug|Any CPU
		{D9817865-0011-4BB9-8471-1A7F471AF896}.Debug|x86.Build.0 = Debug|Any CPU
		{D9817865-0011-4BB9-8471-1A7F471AF896}.Release|Any CPU.ActiveCfg = Release|Any CPU
		{D9817865-0011-4BB9-8471-1A7F471AF896}.Release|Any CPU.Build.0 = Release|Any CPU
		{D9817865-0011-4BB9-8471-1A7F471AF896}.Release|x86.ActiveCfg = Release|Any CPU
		{D9817865-0011-4BB9-8471-1A7F471AF896}.Release|x86.Build.0 = Release|Any CPU
	EndGlobalSection
	GlobalSection(SolutionProperties) = preSolution
		HideSolutionNode = FALSE
	EndGlobalSection
	GlobalSection(NestedProjects) = preSolution
		{CDDDFBFE-F507-4B29-8342-946C2CFB3667} = {92F037FF-361B-417E-8B30-0D3A8C96F553}
		{A766E80B-C741-4572-8725-8186E9395B1A} = {92F037FF-361B-417E-8B30-0D3A8C96F553}
		{371CB041-5798-4E57-A9B3-A423A9BD95E6} = {071C5AA7-B23D-4A55-BC52-BC006C010AD1}
		{8B502D38-8076-4910-89C1-8E8F5B3AC688} = {071C5AA7-B23D-4A55-BC52-BC006C010AD1}
		{D9817865-0011-4BB9-8471-1A7F471AF896} = {92F037FF-361B-417E-8B30-0D3A8C96F553}
	EndGlobalSection
EndGlobal
